// !$*UTF8*$!
{
	archiveVersion = 1;
	classes = {
	};
	objectVersion = 46;
	objects = {

/* Begin PBXBuildFile section */
		9B29B62620687220004F28AE /* TypeViewController.swift in Sources */ = {isa = PBXBuildFile; fileRef = 9B29B62520687220004F28AE /* TypeViewController.swift */; };
		9B97BC34203263C80078BCF8 /* AppDelegate.swift in Sources */ = {isa = PBXBuildFile; fileRef = 9B97BC33203263C80078BCF8 /* AppDelegate.swift */; };
		9B97BC36203263C80078BCF8 /* RoomViewController.swift in Sources */ = {isa = PBXBuildFile; fileRef = 9B97BC35203263C80078BCF8 /* RoomViewController.swift */; };
		9B97BC39203263C80078BCF8 /* Main.storyboard in Resources */ = {isa = PBXBuildFile; fileRef = 9B97BC37203263C80078BCF8 /* Main.storyboard */; };
		9B97BC3B203263C80078BCF8 /* Assets.xcassets in Resources */ = {isa = PBXBuildFile; fileRef = 9B97BC3A203263C80078BCF8 /* Assets.xcassets */; };
		9B97BC3E203263C80078BCF8 /* LaunchScreen.storyboard in Resources */ = {isa = PBXBuildFile; fileRef = 9B97BC3C203263C80078BCF8 /* LaunchScreen.storyboard */; };
		9BD67BD920327B1E00EC93A1 /* HintMessage.swift in Sources */ = {isa = PBXBuildFile; fileRef = 9BD67BD820327B1E00EC93A1 /* HintMessage.swift */; };
		9BEA5D2E2041BE5F008F5856 /* MCHandler.swift in Sources */ = {isa = PBXBuildFile; fileRef = 9BEA5D2D2041BE5F008F5856 /* MCHandler.swift */; };
		9BFBF6F0203F9E7D005B4A0C /* AdminViewController.swift in Sources */ = {isa = PBXBuildFile; fileRef = 9BFBF6EF203F9E7D005B4A0C /* AdminViewController.swift */; };
		9BFBF6F2203FB9F9005B4A0C /* PremadeReplies.swift in Sources */ = {isa = PBXBuildFile; fileRef = 9BFBF6F1203FB9F9005B4A0C /* PremadeReplies.swift */; };
		9BFBF6F4203FBBA6005B4A0C /* RepliesCell.swift in Sources */ = {isa = PBXBuildFile; fileRef = 9BFBF6F3203FBBA6005B4A0C /* RepliesCell.swift */; };
		9BFBF6F6203FC108005B4A0C /* KUIViewController.swift in Sources */ = {isa = PBXBuildFile; fileRef = 9BFBF6F5203FC108005B4A0C /* KUIViewController.swift */; };
/* End PBXBuildFile section */

/* Begin PBXFileReference section */
		9B29B62320686F0A004F28AE /* CloudHandler.swift */ = {isa = PBXFileReference; fileEncoding = 4; lastKnownFileType = sourcecode.swift; path = CloudHandler.swift; sourceTree = "<group>"; };
		9B29B62520687220004F28AE /* TypeViewController.swift */ = {isa = PBXFileReference; lastKnownFileType = sourcecode.swift; path = TypeViewController.swift; sourceTree = "<group>"; };
		9B97BC30203263C80078BCF8 /* Escape Room.app */ = {isa = PBXFileReference; explicitFileType = wrapper.application; includeInIndex = 0; path = "Escape Room.app"; sourceTree = BUILT_PRODUCTS_DIR; };
		9B97BC33203263C80078BCF8 /* AppDelegate.swift */ = {isa = PBXFileReference; lastKnownFileType = sourcecode.swift; path = AppDelegate.swift; sourceTree = "<group>"; };
		9B97BC35203263C80078BCF8 /* RoomViewController.swift */ = {isa = PBXFileReference; lastKnownFileType = sourcecode.swift; path = RoomViewController.swift; sourceTree = "<group>"; };
		9B97BC38203263C80078BCF8 /* Base */ = {isa = PBXFileReference; lastKnownFileType = file.storyboard; name = Base; path = Base.lproj/Main.storyboard; sourceTree = "<group>"; };
		9B97BC3A203263C80078BCF8 /* Assets.xcassets */ = {isa = PBXFileReference; lastKnownFileType = folder.assetcatalog; path = Assets.xcassets; sourceTree = "<group>"; };
		9B97BC3D203263C80078BCF8 /* Base */ = {isa = PBXFileReference; lastKnownFileType = file.storyboard; name = Base; path = Base.lproj/LaunchScreen.storyboard; sourceTree = "<group>"; };
		9B97BC3F203263C80078BCF8 /* Info.plist */ = {isa = PBXFileReference; lastKnownFileType = text.plist.xml; path = Info.plist; sourceTree = "<group>"; };
		9BD67BD820327B1E00EC93A1 /* HintMessage.swift */ = {isa = PBXFileReference; fileEncoding = 4; lastKnownFileType = sourcecode.swift; path = HintMessage.swift; sourceTree = "<group>"; };
		9BEA5D2D2041BE5F008F5856 /* MCHandler.swift */ = {isa = PBXFileReference; lastKnownFileType = sourcecode.swift; path = MCHandler.swift; sourceTree = "<group>"; };
		9BFBF6EF203F9E7D005B4A0C /* AdminViewController.swift */ = {isa = PBXFileReference; lastKnownFileType = sourcecode.swift; path = AdminViewController.swift; sourceTree = "<group>"; };
		9BFBF6F1203FB9F9005B4A0C /* PremadeReplies.swift */ = {isa = PBXFileReference; lastKnownFileType = sourcecode.swift; path = PremadeReplies.swift; sourceTree = "<group>"; };
		9BFBF6F3203FBBA6005B4A0C /* RepliesCell.swift */ = {isa = PBXFileReference; lastKnownFileType = sourcecode.swift; path = RepliesCell.swift; sourceTree = "<group>"; };
		9BFBF6F5203FC108005B4A0C /* KUIViewController.swift */ = {isa = PBXFileReference; lastKnownFileType = sourcecode.swift; path = KUIViewController.swift; sourceTree = "<group>"; };
/* End PBXFileReference section */

/* Begin PBXFrameworksBuildPhase section */
		9B97BC2D203263C80078BCF8 /* Frameworks */ = {
			isa = PBXFrameworksBuildPhase;
			buildActionMask = 2147483647;
			files = (
			);
			runOnlyForDeploymentPostprocessing = 0;
		};
/* End PBXFrameworksBuildPhase section */

/* Begin PBXGroup section */
		9B29B627206873F8004F28AE /* Interface */ = {
			isa = PBXGroup;
			children = (
				9B29B62A20687432004F28AE /* CustomUI */,
				9BFBF6EF203F9E7D005B4A0C /* AdminViewController.swift */,
				9B97BC37203263C80078BCF8 /* Main.storyboard */,
				9BFBF6F1203FB9F9005B4A0C /* PremadeReplies.swift */,
				9B97BC35203263C80078BCF8 /* RoomViewController.swift */,
				9B29B62520687220004F28AE /* TypeViewController.swift */,
			);
			path = Interface;
			sourceTree = "<group>";
		};
		9B29B6282068740A004F28AE /* Messaging */ = {
			isa = PBXGroup;
			children = (
				9BD67BD820327B1E00EC93A1 /* HintMessage.swift */,
				9BEA5D2D2041BE5F008F5856 /* MCHandler.swift */,
			);
			path = Messaging;
			sourceTree = "<group>";
		};
		9B29B6292068740F004F28AE /* Cloud */ = {
			isa = PBXGroup;
			children = (
				9B29B62320686F0A004F28AE /* CloudHandler.swift */,
			);
			path = Cloud;
			sourceTree = "<group>";
		};
		9B29B62A20687432004F28AE /* CustomUI */ = {
			isa = PBXGroup;
			children = (
				9BFBF6F5203FC108005B4A0C /* KUIViewController.swift */,
				9BFBF6F3203FBBA6005B4A0C /* RepliesCell.swift */,
			);
			path = CustomUI;
			sourceTree = "<group>";
		};
		9B97BC27203263C80078BCF8 = {
			isa = PBXGroup;
			children = (
				9B97BC32203263C80078BCF8 /* Escape Room */,
				9B97BC31203263C80078BCF8 /* Products */,
			);
			sourceTree = "<group>";
		};
		9B97BC31203263C80078BCF8 /* Products */ = {
			isa = PBXGroup;
			children = (
				9B97BC30203263C80078BCF8 /* Escape Room.app */,
			);
			name = Products;
			sourceTree = "<group>";
		};
		9B97BC32203263C80078BCF8 /* Escape Room */ = {
			isa = PBXGroup;
			children = (
				9B29B6292068740F004F28AE /* Cloud */,
				9B29B6282068740A004F28AE /* Messaging */,
				9B29B627206873F8004F28AE /* Interface */,
				9B97BC33203263C80078BCF8 /* AppDelegate.swift */,
				9B97BC3A203263C80078BCF8 /* Assets.xcassets */,
				9B97BC3C203263C80078BCF8 /* LaunchScreen.storyboard */,
				9B97BC3F203263C80078BCF8 /* Info.plist */,
			);
			path = "Escape Room";
			sourceTree = "<group>";
		};
/* End PBXGroup section */

/* Begin PBXNativeTarget section */
		9B97BC2F203263C80078BCF8 /* Escape Room */ = {
			isa = PBXNativeTarget;
			buildConfigurationList = 9B97BC42203263C80078BCF8 /* Build configuration list for PBXNativeTarget "Escape Room" */;
			buildPhases = (
				9B97BC2C203263C80078BCF8 /* Sources */,
				9B97BC2D203263C80078BCF8 /* Frameworks */,
				9B97BC2E203263C80078BCF8 /* Resources */,
			);
			buildRules = (
			);
			dependencies = (
			);
			name = "Escape Room";
			productName = "Escape Room";
			productReference = 9B97BC30203263C80078BCF8 /* Escape Room.app */;
			productType = "com.apple.product-type.application";
		};
/* End PBXNativeTarget section */

/* Begin PBXProject section */
		9B97BC28203263C80078BCF8 /* Project object */ = {
			isa = PBXProject;
			attributes = {
				LastSwiftUpdateCheck = 0820;
				LastUpgradeCheck = 0820;
				ORGANIZATIONNAME = "Michael Anderson";
				TargetAttributes = {
					9B97BC2F203263C80078BCF8 = {
						CreatedOnToolsVersion = 8.2.1;
						DevelopmentTeam = TD87HVGZFK;
						LastSwiftMigration = 0920;
						ProvisioningStyle = Automatic;
					};
				};
			};
			buildConfigurationList = 9B97BC2B203263C80078BCF8 /* Build configuration list for PBXProject "Escape Room" */;
			compatibilityVersion = "Xcode 3.2";
			developmentRegion = English;
			hasScannedForEncodings = 0;
			knownRegions = (
				en,
				Base,
			);
			mainGroup = 9B97BC27203263C80078BCF8;
			productRefGroup = 9B97BC31203263C80078BCF8 /* Products */;
			projectDirPath = "";
			projectRoot = "";
			targets = (
				9B97BC2F203263C80078BCF8 /* Escape Room */,
			);
		};
/* End PBXProject section */

/* Begin PBXResourcesBuildPhase section */
		9B97BC2E203263C80078BCF8 /* Resources */ = {
			isa = PBXResourcesBuildPhase;
			buildActionMask = 2147483647;
			files = (
				9B97BC3E203263C80078BCF8 /* LaunchScreen.storyboard in Resources */,
				9B97BC3B203263C80078BCF8 /* Assets.xcassets in Resources */,
				9B97BC39203263C80078BCF8 /* Main.storyboard in Resources */,
			);
			runOnlyForDeploymentPostprocessing = 0;
		};
/* End PBXResourcesBuildPhase section */

/* Begin PBXSourcesBuildPhase section */
		9B97BC2C203263C80078BCF8 /* Sources */ = {
			isa = PBXSourcesBuildPhase;
			buildActionMask = 2147483647;
			files = (
				9BEA5D2E2041BE5F008F5856 /* MCHandler.swift in Sources */,
				9BFBF6F0203F9E7D005B4A0C /* AdminViewController.swift in Sources */,
				9BD67BD920327B1E00EC93A1 /* HintMessage.swift in Sources */,
				9B29B62620687220004F28AE /* TypeViewController.swift in Sources */,
				9BFBF6F2203FB9F9005B4A0C /* PremadeReplies.swift in Sources */,
				9B97BC36203263C80078BCF8 /* RoomViewController.swift in Sources */,
				9BFBF6F4203FBBA6005B4A0C /* RepliesCell.swift in Sources */,
				9B97BC34203263C80078BCF8 /* AppDelegate.swift in Sources */,
				9BFBF6F6203FC108005B4A0C /* KUIViewController.swift in Sources */,
			);
			runOnlyForDeploymentPostprocessing = 0;
		};
/* End PBXSourcesBuildPhase section */

/* Begin PBXVariantGroup section */
		9B97BC37203263C80078BCF8 /* Main.storyboard */ = {
			isa = PBXVariantGroup;
			children = (
				9B97BC38203263C80078BCF8 /* Base */,
			);
			name = Main.storyboard;
			sourceTree = "<group>";
		};
		9B97BC3C203263C80078BCF8 /* LaunchScreen.storyboard */ = {
			isa = PBXVariantGroup;
			children = (
				9B97BC3D203263C80078BCF8 /* Base */,
			);
			name = LaunchScreen.storyboard;
			sourceTree = "<group>";
		};
/* End PBXVariantGroup section */

/* Begin XCBuildConfiguration section */
		9B97BC40203263C80078BCF8 /* Debug */ = {
			isa = XCBuildConfiguration;
			buildSettings = {
				ALWAYS_SEARCH_USER_PATHS = NO;
				CLANG_ANALYZER_NONNULL = YES;
				CLANG_CXX_LANGUAGE_STANDARD = "gnu++0x";
				CLANG_CXX_LIBRARY = "libc++";
				CLANG_ENABLE_MODULES = YES;
				CLANG_ENABLE_OBJC_ARC = YES;
				CLANG_WARN_BOOL_CONVERSION = YES;
				CLANG_WARN_CONSTANT_CONVERSION = YES;
				CLANG_WARN_DIRECT_OBJC_ISA_USAGE = YES_ERROR;
				CLANG_WARN_DOCUMENTATION_COMMENTS = YES;
				CLANG_WARN_EMPTY_BODY = YES;
				CLANG_WARN_ENUM_CONVERSION = YES;
				CLANG_WARN_INFINITE_RECURSION = YES;
				CLANG_WARN_INT_CONVERSION = YES;
				CLANG_WARN_OBJC_ROOT_CLASS = YES_ERROR;
				CLANG_WARN_SUSPICIOUS_MOVE = YES;
				CLANG_WARN_UNREACHABLE_CODE = YES;
				CLANG_WARN__DUPLICATE_METHOD_MATCH = YES;
				"CODE_SIGN_IDENTITY[sdk=iphoneos*]" = "iPhone Developer";
				COPY_PHASE_STRIP = NO;
				DEBUG_INFORMATION_FORMAT = dwarf;
				ENABLE_STRICT_OBJC_MSGSEND = YES;
				ENABLE_TESTABILITY = YES;
				GCC_C_LANGUAGE_STANDARD = gnu99;
				GCC_DYNAMIC_NO_PIC = NO;
				GCC_NO_COMMON_BLOCKS = YES;
				GCC_OPTIMIZATION_LEVEL = 0;
				GCC_PREPROCESSOR_DEFINITIONS = (
					"DEBUG=1",
					"$(inherited)",
				);
				GCC_WARN_64_TO_32_BIT_CONVERSION = YES;
				GCC_WARN_ABOUT_RETURN_TYPE = YES_ERROR;
				GCC_WARN_UNDECLARED_SELECTOR = YES;
				GCC_WARN_UNINITIALIZED_AUTOS = YES_AGGRESSIVE;
				GCC_WARN_UNUSED_FUNCTION = YES;
				GCC_WARN_UNUSED_VARIABLE = YES;
				IPHONEOS_DEPLOYMENT_TARGET = 10.2;
				MTL_ENABLE_DEBUG_INFO = YES;
				ONLY_ACTIVE_ARCH = YES;
				SDKROOT = iphoneos;
				SWIFT_ACTIVE_COMPILATION_CONDITIONS = DEBUG;
				SWIFT_OPTIMIZATION_LEVEL = "-Onone";
				TARGETED_DEVICE_FAMILY = "1,2";
			};
			name = Debug;
		};
		9B97BC41203263C80078BCF8 /* Release */ = {
			isa = XCBuildConfiguration;
			buildSettings = {
				ALWAYS_SEARCH_USER_PATHS = NO;
				CLANG_ANALYZER_NONNULL = YES;
				CLANG_CXX_LANGUAGE_STANDARD = "gnu++0x";
				CLANG_CXX_LIBRARY = "libc++";
				CLANG_ENABLE_MODULES = YES;
				CLANG_ENABLE_OBJC_ARC = YES;
				CLANG_WARN_BOOL_CONVERSION = YES;
				CLANG_WARN_CONSTANT_CONVERSION = YES;
				CLANG_WARN_DIRECT_OBJC_ISA_USAGE = YES_ERROR;
				CLANG_WARN_DOCUMENTATION_COMMENTS = YES;
				CLANG_WARN_EMPTY_BODY = YES;
				CLANG_WARN_ENUM_CONVERSION = YES;
				CLANG_WARN_INFINITE_RECURSION = YES;
				CLANG_WARN_INT_CONVERSION = YES;
				CLANG_WARN_OBJC_ROOT_CLASS = YES_ERROR;
				CLANG_WARN_SUSPICIOUS_MOVE = YES;
				CLANG_WARN_UNREACHABLE_CODE = YES;
				CLANG_WARN__DUPLICATE_METHOD_MATCH = YES;
				"CODE_SIGN_IDENTITY[sdk=iphoneos*]" = "iPhone Developer";
				COPY_PHASE_STRIP = NO;
				DEBUG_INFORMATION_FORMAT = "dwarf-with-dsym";
				ENABLE_NS_ASSERTIONS = NO;
				ENABLE_STRICT_OBJC_MSGSEND = YES;
				GCC_C_LANGUAGE_STANDARD = gnu99;
				GCC_NO_COMMON_BLOCKS = YES;
				GCC_WARN_64_TO_32_BIT_CONVERSION = YES;
				GCC_WARN_ABOUT_RETURN_TYPE = YES_ERROR;
				GCC_WARN_UNDECLARED_SELECTOR = YES;
				GCC_WARN_UNINITIALIZED_AUTOS = YES_AGGRESSIVE;
				GCC_WARN_UNUSED_FUNCTION = YES;
				GCC_WARN_UNUSED_VARIABLE = YES;
				IPHONEOS_DEPLOYMENT_TARGET = 10.2;
				MTL_ENABLE_DEBUG_INFO = NO;
				SDKROOT = iphoneos;
				SWIFT_OPTIMIZATION_LEVEL = "-Owholemodule";
				TARGETED_DEVICE_FAMILY = "1,2";
				VALIDATE_PRODUCT = YES;
			};
			name = Release;
		};
		9B97BC43203263C80078BCF8 /* Debug */ = {
			isa = XCBuildConfiguration;
			buildSettings = {
				ASSETCATALOG_COMPILER_APPICON_NAME = AppIcon;
				DEVELOPMENT_TEAM = TD87HVGZFK;
				INFOPLIST_FILE = "Escape Room/Info.plist";
				LD_RUNPATH_SEARCH_PATHS = "$(inherited) @executable_path/Frameworks";
				PRODUCT_BUNDLE_IDENTIFIER = "bt.Escape-Room";
				PRODUCT_NAME = "$(TARGET_NAME)";
				SWIFT_SWIFT3_OBJC_INFERENCE = On;
				SWIFT_VERSION = 4.0;
			};
			name = Debug;
		};
		9B97BC44203263C80078BCF8 /* Release */ = {
			isa = XCBuildConfiguration;
			buildSettings = {
				ASSETCATALOG_COMPILER_APPICON_NAME = AppIcon;
				DEVELOPMENT_TEAM = TD87HVGZFK;
				INFOPLIST_FILE = "Escape Room/Info.plist";
				LD_RUNPATH_SEARCH_PATHS = "$(inherited) @executable_path/Frameworks";
				PRODUCT_BUNDLE_IDENTIFIER = "bt.Escape-Room";
				PRODUCT_NAME = "$(TARGET_NAME)";
				SWIFT_SWIFT3_OBJC_INFERENCE = On;
				SWIFT_VERSION = 4.0;
			};
			name = Release;
		};
/* End XCBuildConfiguration section */

/* Begin XCConfigurationList section */
		9B97BC2B203263C80078BCF8 /* Build configuration list for PBXProject "Escape Room" */ = {
			isa = XCConfigurationList;
			buildConfigurations = (
				9B97BC40203263C80078BCF8 /* Debug */,
				9B97BC41203263C80078BCF8 /* Release */,
			);
			defaultConfigurationIsVisible = 0;
			defaultConfigurationName = Release;
		};
		9B97BC42203263C80078BCF8 /* Build configuration list for PBXNativeTarget "Escape Room" */ = {
			isa = XCConfigurationList;
			buildConfigurations = (
				9B97BC43203263C80078BCF8 /* Debug */,
				9B97BC44203263C80078BCF8 /* Release */,
			);
			defaultConfigurationIsVisible = 0;
			defaultConfigurationName = Release;
		};
/* End XCConfigurationList section */
	};
	rootObject = 9B97BC28203263C80078BCF8 /* Project object */;
}
